
Microsoft Visual Studio Solution File, Format Version 12.00
# Visual Studio Version 17
VisualStudioVersion = 17.5.33502.453
MinimumVisualStudioVersion = 10.0.40219.1
Project("{FAE04EC0-301F-11D3-BF4B-00C04F79EFBC}") = "MSN-GUI", "MSN-GUI.csproj", "{4C0F09D7-1389-43D9-ADD8-5ECF99C2D54D}"
EndProject
Global
	GlobalSection(SolutionConfigurationPlatforms) = preSolution
		Debug|Any CPU = Debug|Any CPU
		Release|Any CPU = Release|Any CPU
	EndGlobalSection
	GlobalSection(ProjectConfigurationPlatforms) = postSolution
		{4C0F09D7-1389-43D9-ADD8-5ECF99C2D54D}.Debug|Any CPU.ActiveCfg = Debug|Any CPU
		{4C0F09D7-1389-43D9-ADD8-5ECF99C2D54D}.Debug|Any CPU.Build.0 = Debug|Any CPU
		{4C0F09D7-1389-43D9-ADD8-5ECF99C2D54D}.Release|Any CPU.ActiveCfg = Release|Any CPU
		{4C0F09D7-1389-43D9-ADD8-5ECF99C2D54D}.Release|Any CPU.Build.0 = Release|Any CPU
	EndGlobalSection
	GlobalSection(SolutionProperties) = preSolution
		HideSolutionNode = FALSE
	EndGlobalSection
	GlobalSection(ExtensibilityGlobals) = postSolution
		SolutionGuid = {BC051405-0CEB-4DD2-A606-7654DF01B661}
	EndGlobalSection
EndGlobal
